
Microsoft Visual Studio Solution File, Format Version 12.00
# Visual Studio Version 17
VisualStudioVersion = 17.7.34031.279
MinimumVisualStudioVersion = 10.0.40219.1
Project("{FAE04EC0-301F-11D3-BF4B-00C04F79EFBC}") = "Endproject1", "Endproject1\Endproject1.csproj", "{89CB4CFC-ED81-4CB1-AA94-B4E9A5D4AEE7}"
EndProject
Project("{FAE04EC0-301F-11D3-BF4B-00C04F79EFBC}") = "Endprojectlibrary", "Endprojectlibrary\Endprojectlibrary.csproj", "{D888B606-B2AD-4CCE-A1D6-A917CDEA2A84}"
EndProject
Global
	GlobalSection(SolutionConfigurationPlatforms) = preSolution
		Debug|Any CPU = Debug|Any CPU
		Release|Any CPU = Release|Any CPU
	EndGlobalSection
	GlobalSection(ProjectConfigurationPlatforms) = postSolution
		{89CB4CFC-ED81-4CB1-AA94-B4E9A5D4AEE7}.Debug|Any CPU.ActiveCfg = Debug|Any CPU
		{89CB4CFC-ED81-4CB1-AA94-B4E9A5D4AEE7}.Debug|Any CPU.Build.0 = Debug|Any CPU
		{89CB4CFC-ED81-4CB1-AA94-B4E9A5D4AEE7}.Release|Any CPU.ActiveCfg = Release|Any CPU
		{89CB4CFC-ED81-4CB1-AA94-B4E9A5D4AEE7}.Release|Any CPU.Build.0 = Release|Any CPU
		{D888B606-B2AD-4CCE-A1D6-A917CDEA2A84}.Debug|Any CPU.ActiveCfg = Debug|Any CPU
		{D888B606-B2AD-4CCE-A1D6-A917CDEA2A84}.Debug|Any CPU.Build.0 = Debug|Any CPU
		{D888B606-B2AD-4CCE-A1D6-A917CDEA2A84}.Release|Any CPU.ActiveCfg = Release|Any CPU
		{D888B606-B2AD-4CCE-A1D6-A917CDEA2A84}.Release|Any CPU.Build.0 = Release|Any CPU
	EndGlobalSection
	GlobalSection(SolutionProperties) = preSolution
		HideSolutionNode = FALSE
	EndGlobalSection
	GlobalSection(ExtensibilityGlobals) = postSolution
		SolutionGuid = {0CF53FA2-73A7-4B49-811F-DBA1B8D4DA6C}
	EndGlobalSection
EndGlobal
